
Microsoft Visual Studio Solution File, Format Version 12.00
# Visual Studio 15
VisualStudioVersion = 15.0.26730.3
MinimumVisualStudioVersion = 10.0.40219.1
Project("{FAE04EC0-301F-11D3-BF4B-00C04F79EFBC}") = "Demo", "Archive\Demo.csproj", "{C251EC74-DC38-4C10-9056-B2A3ABC8F04F}"
EndProject
Project("{FAE04EC0-301F-11D3-BF4B-00C04F79EFBC}") = "BLL", "BLL\BLL.csproj", "{52467B28-34EA-4B55-8836-01CE33165914}"
EndProject
Project("{FAE04EC0-301F-11D3-BF4B-00C04F79EFBC}") = "IBLL", "IBLL\IBLL.csproj", "{2A6BB4ED-14EB-4BCF-BE5B-C3A56FB261E3}"
EndProject
Project("{FAE04EC0-301F-11D3-BF4B-00C04F79EFBC}") = "Model", "Model\Model.csproj", "{30FFACB9-33B9-445E-ABE3-702A0A68E226}"
EndProject
Global
	GlobalSection(SolutionConfigurationPlatforms) = preSolution
		Debug|Any CPU = Debug|Any CPU
		Release|Any CPU = Release|Any CPU
	EndGlobalSection
	GlobalSection(ProjectConfigurationPlatforms) = postSolution
		{C251EC74-DC38-4C10-9056-B2A3ABC8F04F}.Debug|Any CPU.ActiveCfg = Debug|Any CPU
		{C251EC74-DC38-4C10-9056-B2A3ABC8F04F}.Debug|Any CPU.Build.0 = Debug|Any CPU
		{C251EC74-DC38-4C10-9056-B2A3ABC8F04F}.Release|Any CPU.ActiveCfg = Release|Any CPU
		{C251EC74-DC38-4C10-9056-B2A3ABC8F04F}.Release|Any CPU.Build.0 = Release|Any CPU
		{52467B28-34EA-4B55-8836-01CE33165914}.Debug|Any CPU.ActiveCfg = Debug|Any CPU
		{52467B28-34EA-4B55-8836-01CE33165914}.Debug|Any CPU.Build.0 = Debug|Any CPU
		{52467B28-34EA-4B55-8836-01CE33165914}.Release|Any CPU.ActiveCfg = Release|Any CPU
		{52467B28-34EA-4B55-8836-01CE33165914}.Release|Any CPU.Build.0 = Release|Any CPU
		{2A6BB4ED-14EB-4BCF-BE5B-C3A56FB261E3}.Debug|Any CPU.ActiveCfg = Debug|Any CPU
		{2A6BB4ED-14EB-4BCF-BE5B-C3A56FB261E3}.Debug|Any CPU.Build.0 = Debug|Any CPU
		{2A6BB4ED-14EB-4BCF-BE5B-C3A56FB261E3}.Release|Any CPU.ActiveCfg = Release|Any CPU
		{2A6BB4ED-14EB-4BCF-BE5B-C3A56FB261E3}.Release|Any CPU.Build.0 = Release|Any CPU
		{30FFACB9-33B9-445E-ABE3-702A0A68E226}.Debug|Any CPU.ActiveCfg = Debug|Any CPU
		{30FFACB9-33B9-445E-ABE3-702A0A68E226}.Debug|Any CPU.Build.0 = Debug|Any CPU
		{30FFACB9-33B9-445E-ABE3-702A0A68E226}.Release|Any CPU.ActiveCfg = Release|Any CPU
		{30FFACB9-33B9-445E-ABE3-702A0A68E226}.Release|Any CPU.Build.0 = Release|Any CPU
	EndGlobalSection
	GlobalSection(SolutionProperties) = preSolution
		HideSolutionNode = FALSE
	EndGlobalSection
	GlobalSection(ExtensibilityGlobals) = postSolution
		SolutionGuid = {23854A15-BBF5-43A6-B844-8545B432A68A}
	EndGlobalSection
EndGlobal
